
Microsoft Visual Studio Solution File, Format Version 12.00
# Visual Studio Version 17
VisualStudioVersion = 17.2.32630.192
MinimumVisualStudioVersion = 10.0.40219.1
Project("{9A19103F-16F7-4668-BE54-9A1E7A4F7556}") = "PasswordPurgatory.Web", "PasswordPurgatory.Web\PasswordPurgatory.Web.csproj", "{5AA1C8B7-D94D-4A8E-80FD-F8EBF26B62C6}"
EndProject
Global
	GlobalSection(SolutionConfigurationPlatforms) = preSolution
		Debug|Any CPU = Debug|Any CPU
		Release|Any CPU = Release|Any CPU
	EndGlobalSection
	GlobalSection(ProjectConfigurationPlatforms) = postSolution
		{5AA1C8B7-D94D-4A8E-80FD-F8EBF26B62C6}.Debug|Any CPU.ActiveCfg = Debug|Any CPU
		{5AA1C8B7-D94D-4A8E-80FD-F8EBF26B62C6}.Debug|Any CPU.Build.0 = Debug|Any CPU
		{5AA1C8B7-D94D-4A8E-80FD-F8EBF26B62C6}.Release|Any CPU.ActiveCfg = Release|Any CPU
		{5AA1C8B7-D94D-4A8E-80FD-F8EBF26B62C6}.Release|Any CPU.Build.0 = Release|Any CPU
	EndGlobalSection
	GlobalSection(SolutionProperties) = preSolution
		HideSolutionNode = FALSE
	EndGlobalSection
	GlobalSection(ExtensibilityGlobals) = postSolution
		SolutionGuid = {5815E2F3-E3CF-4F17-B9C7-48A032468DDC}
	EndGlobalSection
EndGlobal
